// !$*UTF8*$!
{
	archiveVersion = 1;
	classes = {
	};
	objectVersion = 77;
	objects = {

/* Begin PBXBuildFile section */
		091BCEAA8A4DDA79847B7AB6 /* AppDelegate.m in Sources */ = {isa = PBXBuildFile; fileRef = BF4F65DAD9C3910610CBBCDC /* AppDelegate.m */; };
		3A6C591EDE965EB727803FBD /* STSubscription.m in Sources */ = {isa = PBXBuildFile; fileRef = C63280F9FACB802C4B15939B /* STSubscription.m */; };
		6223B0C384FF404E7BFA6D34 /* STSubscriptionRules.m in Sources */ = {isa = PBXBuildFile; fileRef = 7F1AE2B4CEC9C9EE410FDFAB /* STSubscriptionRules.m */; };
		70156120812EA488AF8C5D63 /* STSubscription.m in Sources */ = {isa = PBXBuildFile; fileRef = C63280F9FACB802C4B15939B /* STSubscription.m */; };
		916A11B30CFB151A8810CFE1 /* STSubscriptionRules.m in Sources */ = {isa = PBXBuildFile; fileRef = 7F1AE2B4CEC9C9EE410FDFAB /* STSubscriptionRules.m */; };
		C2A549148ADE1682177D53FB /* main.m in Sources */ = {isa = PBXBuildFile; fileRef = 2D992424DABEB09B54DAA8B0 /* main.m */; };
		CD453F24185AEE91A67C80E0 /* SubscriptionListViewController.m in Sources */ = {isa = PBXBuildFile; fileRef = 04F7DD9A47363FA6496203AD /* SubscriptionListViewController.m */; };
		DAD792C565DE9C78AEE1D6D3 /* STSubscriptionRulesTests.m in Sources */ = {isa = PBXBuildFile; fileRef = 68948B94BE9C8E2B1B22FBEC /* STSubscriptionRulesTests.m */; };
		F49C948C80AD159CF4EEF217 /* InMemorySubscriptionRepository.m in Sources */ = {isa = PBXBuildFile; fileRef = 3E20CB86A161FBB714C81D90 /* InMemorySubscriptionRepository.m */; };
/* End PBXBuildFile section */

/* Begin PBXContainerItemProxy section */
		C7A0CE7BAD6FEFCE2046D5E9 /* PBXContainerItemProxy */ = {
			isa = PBXContainerItemProxy;
			containerPortal = 162B2F76D52176C2740D05F2 /* Project object */;
			proxyType = 1;
			remoteGlobalIDString = 62C34BEA057D607742DD8295;
			remoteInfo = SubTracker;
		};
/* End PBXContainerItemProxy section */

/* Begin PBXFileReference section */
		04F7DD9A47363FA6496203AD /* SubscriptionListViewController.m */ = {isa = PBXFileReference; lastKnownFileType = sourcecode.c.objc; path = SubscriptionListViewController.m; sourceTree = "<group>"; };
		2D992424DABEB09B54DAA8B0 /* main.m */ = {isa = PBXFileReference; lastKnownFileType = sourcecode.c.objc; path = main.m; sourceTree = "<group>"; };
		3E20CB86A161FBB714C81D90 /* InMemorySubscriptionRepository.m */ = {isa = PBXFileReference; lastKnownFileType = sourcecode.c.objc; path = InMemorySubscriptionRepository.m; sourceTree = "<group>"; };
		51CCFED1520D0BE4DAE9E0A0 /* InMemorySubscriptionRepository.h */ = {isa = PBXFileReference; lastKnownFileType = sourcecode.c.h; path = InMemorySubscriptionRepository.h; sourceTree = "<group>"; };
		68948B94BE9C8E2B1B22FBEC /* STSubscriptionRulesTests.m */ = {isa = PBXFileReference; lastKnownFileType = sourcecode.c.objc; path = STSubscriptionRulesTests.m; sourceTree = "<group>"; };
		7F1AE2B4CEC9C9EE410FDFAB /* STSubscriptionRules.m */ = {isa = PBXFileReference; lastKnownFileType = sourcecode.c.objc; path = STSubscriptionRules.m; sourceTree = "<group>"; };
		825342382525D98051EDD603 /* SubscriptionListViewController.h */ = {isa = PBXFileReference; lastKnownFileType = sourcecode.c.h; path = SubscriptionListViewController.h; sourceTree = "<group>"; };
		AC1EA3DEE46990D524C949AA /* AppDelegate.h */ = {isa = PBXFileReference; lastKnownFileType = sourcecode.c.h; path = AppDelegate.h; sourceTree = "<group>"; };
		B996ED8940BA65CA26B3E5B0 /* STSubscriptionRules.h */ = {isa = PBXFileReference; lastKnownFileType = sourcecode.c.h; path = STSubscriptionRules.h; sourceTree = "<group>"; };
		BF4F65DAD9C3910610CBBCDC /* AppDelegate.m */ = {isa = PBXFileReference; lastKnownFileType = sourcecode.c.objc; path = AppDelegate.m; sourceTree = "<group>"; };
		C63280F9FACB802C4B15939B /* STSubscription.m */ = {isa = PBXFileReference; lastKnownFileType = sourcecode.c.objc; path = STSubscription.m; sourceTree = "<group>"; };
		CAF7A01A0CD6B1672E3C30E5 /* STSubscriptionStatus.h */ = {isa = PBXFileReference; lastKnownFileType = sourcecode.c.h; path = STSubscriptionStatus.h; sourceTree = "<group>"; };
		CCB4F5B0008AC7A78D307809 /* STBillingCycle.h */ = {isa = PBXFileReference; lastKnownFileType = sourcecode.c.h; path = STBillingCycle.h; sourceTree = "<group>"; };
		E08ACC70519DDB9D714F765B /* SubTrackerTests.xctest */ = {isa = PBXFileReference; includeInIndex = 0; lastKnownFileType = wrapper.cfbundle; path = SubTrackerTests.xctest; sourceTree = BUILT_PRODUCTS_DIR; };
		E91B0EEB12411F92589AE7CD /* SubTracker.app */ = {isa = PBXFileReference; includeInIndex = 0; lastKnownFileType = wrapper.application; path = SubTracker.app; sourceTree = BUILT_PRODUCTS_DIR; };
		F1072CF1412D67DD1FE2F13C /* STSubscription.h */ = {isa = PBXFileReference; lastKnownFileType = sourcecode.c.h; path = STSubscription.h; sourceTree = "<group>"; };
/* End PBXFileReference section */

/* Begin PBXGroup section */
		135D1488F81E24D4A1B71B33 /* Products */ = {
			isa = PBXGroup;
			children = (
				E91B0EEB12411F92589AE7CD /* SubTracker.app */,
				E08ACC70519DDB9D714F765B /* SubTrackerTests.xctest */,
			);
			name = Products;
			sourceTree = "<group>";
		};
		18B3562AD02C0ECF01355BB7 /* Data */ = {
			isa = PBXGroup;
			children = (
				51CCFED1520D0BE4DAE9E0A0 /* InMemorySubscriptionRepository.h */,
				3E20CB86A161FBB714C81D90 /* InMemorySubscriptionRepository.m */,
			);
			path = Data;
			sourceTree = "<group>";
		};
		20C853A2BC6F17EEF5575669 = {
			isa = PBXGroup;
			children = (
				C7C2304D67FC0E4D7CB94F25 /* SubTracker */,
				37C7B4A736978E34EF1B151B /* SubTrackerTests */,
				135D1488F81E24D4A1B71B33 /* Products */,
			);
			sourceTree = "<group>";
		};
		37C7B4A736978E34EF1B151B /* SubTrackerTests */ = {
			isa = PBXGroup;
			children = (
				68948B94BE9C8E2B1B22FBEC /* STSubscriptionRulesTests.m */,
			);
			path = SubTrackerTests;
			sourceTree = "<group>";
		};
		3A4B92FD7F003D911C5A5990 /* Domain */ = {
			isa = PBXGroup;
			children = (
				CCB4F5B0008AC7A78D307809 /* STBillingCycle.h */,
				F1072CF1412D67DD1FE2F13C /* STSubscription.h */,
				C63280F9FACB802C4B15939B /* STSubscription.m */,
				B996ED8940BA65CA26B3E5B0 /* STSubscriptionRules.h */,
				7F1AE2B4CEC9C9EE410FDFAB /* STSubscriptionRules.m */,
				CAF7A01A0CD6B1672E3C30E5 /* STSubscriptionStatus.h */,
			);
			path = Domain;
			sourceTree = "<group>";
		};
		C7C2304D67FC0E4D7CB94F25 /* SubTracker */ = {
			isa = PBXGroup;
			children = (
				AC1EA3DEE46990D524C949AA /* AppDelegate.h */,
				BF4F65DAD9C3910610CBBCDC /* AppDelegate.m */,
				2D992424DABEB09B54DAA8B0 /* main.m */,
				825342382525D98051EDD603 /* SubscriptionListViewController.h */,
				04F7DD9A47363FA6496203AD /* SubscriptionListViewController.m */,
				18B3562AD02C0ECF01355BB7 /* Data */,
				3A4B92FD7F003D911C5A5990 /* Domain */,
			);
			path = SubTracker;
			sourceTree = "<group>";
		};
/* End PBXGroup section */

/* Begin PBXNativeTarget section */
		62C34BEA057D607742DD8295 /* SubTracker */ = {
			isa = PBXNativeTarget;
			buildConfigurationList = 93B7B05DCD7AF9F07F0AB98C /* Build configuration list for PBXNativeTarget "SubTracker" */;
			buildPhases = (
				AE3CF073B2C9A5F1C405E0BB /* Sources */,
			);
			buildRules = (
			);
			dependencies = (
			);
			name = SubTracker;
			packageProductDependencies = (
			);
			productName = SubTracker;
			productReference = E91B0EEB12411F92589AE7CD /* SubTracker.app */;
			productType = "com.apple.product-type.application";
		};
		C013C584276EE8CDA6D95281 /* SubTrackerTests */ = {
			isa = PBXNativeTarget;
			buildConfigurationList = B3008AF6233D049C9013C52D /* Build configuration list for PBXNativeTarget "SubTrackerTests" */;
			buildPhases = (
				BE7366232A1C9DD61BCF1EAE /* Sources */,
			);
			buildRules = (
			);
			dependencies = (
				9981CCB82E20130E808F6397 /* PBXTargetDependency */,
			);
			name = SubTrackerTests;
			packageProductDependencies = (
			);
			productName = SubTrackerTests;
			productReference = E08ACC70519DDB9D714F765B /* SubTrackerTests.xctest */;
			productType = "com.apple.product-type.bundle.unit-test";
		};
/* End PBXNativeTarget section */

/* Begin PBXProject section */
		162B2F76D52176C2740D05F2 /* Project object */ = {
			isa = PBXProject;
			attributes = {
				BuildIndependentTargetsInParallel = YES;
				LastUpgradeCheck = 1430;
				TargetAttributes = {
				};
			};
			buildConfigurationList = 2ED47CADF8B82CFEE8C512B5 /* Build configuration list for PBXProject "SubTracker" */;
			developmentRegion = en;
			hasScannedForEncodings = 0;
			knownRegions = (
				Base,
				en,
			);
			mainGroup = 20C853A2BC6F17EEF5575669;
			minimizedProjectReferenceProxies = 1;
			preferredProjectObjectVersion = 77;
			productRefGroup = 135D1488F81E24D4A1B71B33 /* Products */;
			projectDirPath = "";
			projectRoot = "";
			targets = (
				62C34BEA057D607742DD8295 /* SubTracker */,
				C013C584276EE8CDA6D95281 /* SubTrackerTests */,
			);
		};
/* End PBXProject section */

/* Begin PBXSourcesBuildPhase section */
		AE3CF073B2C9A5F1C405E0BB /* Sources */ = {
			isa = PBXSourcesBuildPhase;
			buildActionMask = 2147483647;
			files = (
				091BCEAA8A4DDA79847B7AB6 /* AppDelegate.m in Sources */,
				F49C948C80AD159CF4EEF217 /* InMemorySubscriptionRepository.m in Sources */,
				3A6C591EDE965EB727803FBD /* STSubscription.m in Sources */,
				916A11B30CFB151A8810CFE1 /* STSubscriptionRules.m in Sources */,
				CD453F24185AEE91A67C80E0 /* SubscriptionListViewController.m in Sources */,
				C2A549148ADE1682177D53FB /* main.m in Sources */,
			);
			runOnlyForDeploymentPostprocessing = 0;
		};
		BE7366232A1C9DD61BCF1EAE /* Sources */ = {
			isa = PBXSourcesBuildPhase;
			buildActionMask = 2147483647;
			files = (
				70156120812EA488AF8C5D63 /* STSubscription.m in Sources */,
				6223B0C384FF404E7BFA6D34 /* STSubscriptionRules.m in Sources */,
				DAD792C565DE9C78AEE1D6D3 /* STSubscriptionRulesTests.m in Sources */,
			);
			runOnlyForDeploymentPostprocessing = 0;
		};
/* End PBXSourcesBuildPhase section */

/* Begin PBXTargetDependency section */
		9981CCB82E20130E808F6397 /* PBXTargetDependency */ = {
			isa = PBXTargetDependency;
			target = 62C34BEA057D607742DD8295 /* SubTracker */;
			targetProxy = C7A0CE7BAD6FEFCE2046D5E9 /* PBXContainerItemProxy */;
		};
/* End PBXTargetDependency section */

/* Begin XCBuildConfiguration section */
		56E1D2BFCF3B3B1676A9D53A /* Debug */ = {
			isa = XCBuildConfiguration;
			buildSettings = {
				ALWAYS_SEARCH_USER_PATHS = NO;
				CLANG_ANALYZER_NONNULL = YES;
				CLANG_ANALYZER_NUMBER_OBJECT_CONVERSION = YES_AGGRESSIVE;
				CLANG_CXX_LANGUAGE_STANDARD = "gnu++14";
				CLANG_CXX_LIBRARY = "libc++";
				CLANG_ENABLE_MODULES = YES;
				CLANG_ENABLE_OBJC_ARC = YES;
				CLANG_ENABLE_OBJC_WEAK = YES;
				CLANG_WARN_BLOCK_CAPTURE_AUTORELEASING = YES;
				CLANG_WARN_BOOL_CONVERSION = YES;
				CLANG_WARN_COMMA = YES;
				CLANG_WARN_CONSTANT_CONVERSION = YES;
				CLANG_WARN_DEPRECATED_OBJC_IMPLEMENTATIONS = YES;
				CLANG_WARN_DIRECT_OBJC_ISA_USAGE = YES_ERROR;
				CLANG_WARN_DOCUMENTATION_COMMENTS = YES;
				CLANG_WARN_EMPTY_BODY = YES;
				CLANG_WARN_ENUM_CONVERSION = YES;
				CLANG_WARN_INFINITE_RECURSION = YES;
				CLANG_WARN_INT_CONVERSION = YES;
				CLANG_WARN_NON_LITERAL_NULL_CONVERSION = YES;
				CLANG_WARN_OBJC_IMPLICIT_RETAIN_SELF = YES;
				CLANG_WARN_OBJC_LITERAL_CONVERSION = YES;
				CLANG_WARN_OBJC_ROOT_CLASS = YES_ERROR;
				CLANG_WARN_QUOTED_INCLUDE_IN_FRAMEWORK_HEADER = YES;
				CLANG_WARN_RANGE_LOOP_ANALYSIS = YES;
				CLANG_WARN_STRICT_PROTOTYPES = YES;
				CLANG_WARN_SUSPICIOUS_MOVE = YES;
				CLANG_WARN_UNGUARDED_AVAILABILITY = YES_AGGRESSIVE;
				CLANG_WARN_UNREACHABLE_CODE = YES;
				CLANG_WARN__DUPLICATE_METHOD_MATCH = YES;
				COPY_PHASE_STRIP = NO;
				DEBUG_INFORMATION_FORMAT = dwarf;
				ENABLE_STRICT_OBJC_MSGSEND = YES;
				ENABLE_TESTABILITY = YES;
				GCC_C_LANGUAGE_STANDARD = gnu11;
				GCC_DYNAMIC_NO_PIC = NO;
				GCC_NO_COMMON_BLOCKS = YES;
				GCC_OPTIMIZATION_LEVEL = 0;
				GCC_PREPROCESSOR_DEFINITIONS = (
					"$(inherited)",
					"DEBUG=1",
				);
				GCC_WARN_64_TO_32_BIT_CONVERSION = YES;
				GCC_WARN_ABOUT_RETURN_TYPE = YES_ERROR;
				GCC_WARN_UNDECLARED_SELECTOR = YES;
				GCC_WARN_UNINITIALIZED_AUTOS = YES_AGGRESSIVE;
				GCC_WARN_UNUSED_FUNCTION = YES;
				GCC_WARN_UNUSED_VARIABLE = YES;
				IPHONEOS_DEPLOYMENT_TARGET = 15.0;
				MTL_ENABLE_DEBUG_INFO = INCLUDE_SOURCE;
				MTL_FAST_MATH = YES;
				ONLY_ACTIVE_ARCH = YES;
				PRODUCT_NAME = "$(TARGET_NAME)";
				SDKROOT = iphoneos;
				SWIFT_ACTIVE_COMPILATION_CONDITIONS = DEBUG;
				SWIFT_OPTIMIZATION_LEVEL = "-Onone";
				SWIFT_VERSION = 5.0;
			};
			name = Debug;
		};
		63A76762A70AD2B852D7490E /* Debug */ = {
			isa = XCBuildConfiguration;
			buildSettings = {
				ASSETCATALOG_COMPILER_APPICON_NAME = AppIcon;
				CODE_SIGNING_ALLOWED = NO;
				CODE_SIGN_IDENTITY = "iPhone Developer";
				GENERATE_INFOPLIST_FILE = YES;
				INFOPLIST_KEY_UIApplicationSceneManifest_Generation = YES;
				INFOPLIST_KEY_UILaunchScreen_Generation = YES;
				LD_RUNPATH_SEARCH_PATHS = (
					"$(inherited)",
					"@executable_path/Frameworks",
				);
				PRODUCT_BUNDLE_IDENTIFIER = com.iherefor.subtracker;
				SDKROOT = iphoneos;
				TARGETED_DEVICE_FAMILY = "1,2";
			};
			name = Debug;
		};
		7F9E8002348F5B2A623B0259 /* Debug */ = {
			isa = XCBuildConfiguration;
			buildSettings = {
				BUNDLE_LOADER = "$(TEST_HOST)";
				CODE_SIGNING_ALLOWED = NO;
				GENERATE_INFOPLIST_FILE = YES;
				LD_RUNPATH_SEARCH_PATHS = (
					"$(inherited)",
					"@executable_path/Frameworks",
					"@loader_path/Frameworks",
				);
				PRODUCT_BUNDLE_IDENTIFIER = com.iherefor.SubTrackerTests;
				SDKROOT = iphoneos;
				TARGETED_DEVICE_FAMILY = "1,2";
				TEST_HOST = "$(BUILT_PRODUCTS_DIR)/SubTracker.app/SubTracker";
			};
			name = Debug;
		};
		9304D15325E28A7A063A2284 /* Release */ = {
			isa = XCBuildConfiguration;
			buildSettings = {
				ALWAYS_SEARCH_USER_PATHS = NO;
				CLANG_ANALYZER_NONNULL = YES;
				CLANG_ANALYZER_NUMBER_OBJECT_CONVERSION = YES_AGGRESSIVE;
				CLANG_CXX_LANGUAGE_STANDARD = "gnu++14";
				CLANG_CXX_LIBRARY = "libc++";
				CLANG_ENABLE_MODULES = YES;
				CLANG_ENABLE_OBJC_ARC = YES;
				CLANG_ENABLE_OBJC_WEAK = YES;
				CLANG_WARN_BLOCK_CAPTURE_AUTORELEASING = YES;
				CLANG_WARN_BOOL_CONVERSION = YES;
				CLANG_WARN_COMMA = YES;
				CLANG_WARN_CONSTANT_CONVERSION = YES;
				CLANG_WARN_DEPRECATED_OBJC_IMPLEMENTATIONS = YES;
				CLANG_WARN_DIRECT_OBJC_ISA_USAGE = YES_ERROR;
				CLANG_WARN_DOCUMENTATION_COMMENTS = YES;
				CLANG_WARN_EMPTY_BODY = YES;
				CLANG_WARN_ENUM_CONVERSION = YES;
				CLANG_WARN_INFINITE_RECURSION = YES;
				CLANG_WARN_INT_CONVERSION = YES;
				CLANG_WARN_NON_LITERAL_NULL_CONVERSION = YES;
				CLANG_WARN_OBJC_IMPLICIT_RETAIN_SELF = YES;
				CLANG_WARN_OBJC_LITERAL_CONVERSION = YES;
				CLANG_WARN_OBJC_ROOT_CLASS = YES_ERROR;
				CLANG_WARN_QUOTED_INCLUDE_IN_FRAMEWORK_HEADER = YES;
				CLANG_WARN_RANGE_LOOP_ANALYSIS = YES;
				CLANG_WARN_STRICT_PROTOTYPES = YES;
				CLANG_WARN_SUSPICIOUS_MOVE = YES;
				CLANG_WARN_UNGUARDED_AVAILABILITY = YES_AGGRESSIVE;
				CLANG_WARN_UNREACHABLE_CODE = YES;
				CLANG_WARN__DUPLICATE_METHOD_MATCH = YES;
				COPY_PHASE_STRIP = NO;
				DEBUG_INFORMATION_FORMAT = "dwarf-with-dsym";
				ENABLE_NS_ASSERTIONS = NO;
				ENABLE_STRICT_OBJC_MSGSEND = YES;
				GCC_C_LANGUAGE_STANDARD = gnu11;
				GCC_NO_COMMON_BLOCKS = YES;
				GCC_WARN_64_TO_32_BIT_CONVERSION = YES;
				GCC_WARN_ABOUT_RETURN_TYPE = YES_ERROR;
				GCC_WARN_UNDECLARED_SELECTOR = YES;
				GCC_WARN_UNINITIALIZED_AUTOS = YES_AGGRESSIVE;
				GCC_WARN_UNUSED_FUNCTION = YES;
				GCC_WARN_UNUSED_VARIABLE = YES;
				IPHONEOS_DEPLOYMENT_TARGET = 15.0;
				MTL_ENABLE_DEBUG_INFO = NO;
				MTL_FAST_MATH = YES;
				PRODUCT_NAME = "$(TARGET_NAME)";
				SDKROOT = iphoneos;
				SWIFT_COMPILATION_MODE = wholemodule;
				SWIFT_OPTIMIZATION_LEVEL = "-O";
				SWIFT_VERSION = 5.0;
			};
			name = Release;
		};
		B6BCAE3906A41B094319203C /* Release */ = {
			isa = XCBuildConfiguration;
			buildSettings = {
				ASSETCATALOG_COMPILER_APPICON_NAME = AppIcon;
				CODE_SIGNING_ALLOWED = NO;
				CODE_SIGN_IDENTITY = "iPhone Developer";
				GENERATE_INFOPLIST_FILE = YES;
				INFOPLIST_KEY_UIApplicationSceneManifest_Generation = YES;
				INFOPLIST_KEY_UILaunchScreen_Generation = YES;
				LD_RUNPATH_SEARCH_PATHS = (
					"$(inherited)",
					"@executable_path/Frameworks",
				);
				PRODUCT_BUNDLE_IDENTIFIER = com.iherefor.subtracker;
				SDKROOT = iphoneos;
				TARGETED_DEVICE_FAMILY = "1,2";
			};
			name = Release;
		};
		EF94CBE07B860C3E80CD1785 /* Release */ = {
			isa = XCBuildConfiguration;
			buildSettings = {
				BUNDLE_LOADER = "$(TEST_HOST)";
				CODE_SIGNING_ALLOWED = NO;
				GENERATE_INFOPLIST_FILE = YES;
				LD_RUNPATH_SEARCH_PATHS = (
					"$(inherited)",
					"@executable_path/Frameworks",
					"@loader_path/Frameworks",
				);
				PRODUCT_BUNDLE_IDENTIFIER = com.iherefor.SubTrackerTests;
				SDKROOT = iphoneos;
				TARGETED_DEVICE_FAMILY = "1,2";
				TEST_HOST = "$(BUILT_PRODUCTS_DIR)/SubTracker.app/SubTracker";
			};
			name = Release;
		};
/* End XCBuildConfiguration section */

/* Begin XCConfigurationList section */
		2ED47CADF8B82CFEE8C512B5 /* Build configuration list for PBXProject "SubTracker" */ = {
			isa = XCConfigurationList;
			buildConfigurations = (
				56E1D2BFCF3B3B1676A9D53A /* Debug */,
				9304D15325E28A7A063A2284 /* Release */,
			);
			defaultConfigurationIsVisible = 0;
			defaultConfigurationName = Debug;
		};
		93B7B05DCD7AF9F07F0AB98C /* Build configuration list for PBXNativeTarget "SubTracker" */ = {
			isa = XCConfigurationList;
			buildConfigurations = (
				63A76762A70AD2B852D7490E /* Debug */,
				B6BCAE3906A41B094319203C /* Release */,
			);
			defaultConfigurationIsVisible = 0;
			defaultConfigurationName = Debug;
		};
		B3008AF6233D049C9013C52D /* Build configuration list for PBXNativeTarget "SubTrackerTests" */ = {
			isa = XCConfigurationList;
			buildConfigurations = (
				7F9E8002348F5B2A623B0259 /* Debug */,
				EF94CBE07B860C3E80CD1785 /* Release */,
			);
			defaultConfigurationIsVisible = 0;
			defaultConfigurationName = Debug;
		};
/* End XCConfigurationList section */
	};
	rootObject = 162B2F76D52176C2740D05F2 /* Project object */;
}
