// !$*UTF8*$!
{
	archiveVersion = 1;
	classes = {
	};
	objectVersion = 77;
	objects = {

/* Begin PBXBuildFile section */
		5C3506ED7FC0B267121AE287 /* main.m in Sources */ = {isa = PBXBuildFile; fileRef = 4A48C9BA949ECC98FD542A0A /* main.m */; };
		8A83BE7E2FEE950F49C49A3A /* AppDelegate.m in Sources */ = {isa = PBXBuildFile; fileRef = 2B5464731EF16C63BAF1DC85 /* AppDelegate.m */; };
		A10000000000000000000031 /* SceneDelegate.m in Sources */ = {isa = PBXBuildFile; fileRef = A20000000000000000000031 /* SceneDelegate.m */; };
		A10000000000000000000032 /* ViewController.m in Sources */ = {isa = PBXBuildFile; fileRef = A20000000000000000000032 /* ViewController.m */; };
		A100000000000000000000A2 /* PaywallStyle.m in Sources */ = {isa = PBXBuildFile; fileRef = A200000000000000000000A2 /* PaywallStyle.m */; };
		A100000000000000000000A4 /* SubscriptionPaywallViewController.m in Sources */ = {isa = PBXBuildFile; fileRef = A200000000000000000000A4 /* SubscriptionPaywallViewController.m */; };
		A100000000000000000000B2 /* SplashStyle.m in Sources */ = {isa = PBXBuildFile; fileRef = A200000000000000000000B2 /* SplashStyle.m */; };
		A100000000000000000000B4 /* SplashViewController.m in Sources */ = {isa = PBXBuildFile; fileRef = A200000000000000000000B4 /* SplashViewController.m */; };
		A100000000000000000000B6 /* WelcomeStyle.m in Sources */ = {isa = PBXBuildFile; fileRef = A200000000000000000000B6 /* WelcomeStyle.m */; };
		A100000000000000000000B8 /* WelcomeViewController.m in Sources */ = {isa = PBXBuildFile; fileRef = A200000000000000000000B8 /* WelcomeViewController.m */; };
		A300000000000000000000E01 /* OnboardingStyle.m in Sources */ = {isa = PBXBuildFile; fileRef = A300000000000000000000C01 /* OnboardingStyle.m */; };
		A300000000000000000000E02 /* OnboardingBaseViewController.m in Sources */ = {isa = PBXBuildFile; fileRef = A300000000000000000000C02 /* OnboardingBaseViewController.m */; };
		A300000000000000000000E03 /* PurposeOnboardingViewController.m in Sources */ = {isa = PBXBuildFile; fileRef = A300000000000000000000C03 /* PurposeOnboardingViewController.m */; };
		A300000000000000000000E04 /* GenderOnboardingViewController.m in Sources */ = {isa = PBXBuildFile; fileRef = A300000000000000000000C04 /* GenderOnboardingViewController.m */; };
		A300000000000000000000E05 /* AgeOnboardingViewController.m in Sources */ = {isa = PBXBuildFile; fileRef = A300000000000000000000C05 /* AgeOnboardingViewController.m */; };
		A300000000000000000000E06 /* StyleOnboardingViewController.m in Sources */ = {isa = PBXBuildFile; fileRef = A300000000000000000000C06 /* StyleOnboardingViewController.m */; };
		A300000000000000000000E07 /* BrushOnboardingViewController.m in Sources */ = {isa = PBXBuildFile; fileRef = A300000000000000000000C07 /* BrushOnboardingViewController.m */; };
		A300000000000000000000E08 /* ColorOnboardingViewController.m in Sources */ = {isa = PBXBuildFile; fileRef = A300000000000000000000C08 /* ColorOnboardingViewController.m */; };
		A300000000000000000000E09 /* OnboardingDoneViewController.m in Sources */ = {isa = PBXBuildFile; fileRef = A300000000000000000000C09 /* OnboardingDoneViewController.m */; };
		A10000000000000000000090 /* Assets.xcassets in Resources */ = {isa = PBXBuildFile; fileRef = A20000000000000000000090 /* Assets.xcassets */; };
		C62D0CD48281241F4153AD57 /* SmokeUITests.m in Sources */ = {isa = PBXBuildFile; fileRef = 768F7AFB6F8863F411335E65 /* SmokeUITests.m */; };
		A50000000000000000000002 /* OnboardingFlowUITests.m in Sources */ = {isa = PBXBuildFile; fileRef = A50000000000000000000001 /* OnboardingFlowUITests.m */; };
		FC21854AC37D9C130611B0FB /* SmokeTests.m in Sources */ = {isa = PBXBuildFile; fileRef = B066E31C9E5A3197CEF1AF1B /* SmokeTests.m */; };
/* End PBXBuildFile section */

/* Begin PBXContainerItemProxy section */
		682FA9CCBC6A4391087B09B0 /* PBXContainerItemProxy */ = {
			isa = PBXContainerItemProxy;
			containerPortal = 76DD7499970D3049A38EE80E /* Project object */;
			proxyType = 1;
			remoteGlobalIDString = 3936B81412A01ACAFF716433;
			remoteInfo = testUIProject;
		};
		D42B9D661371BF77D1F809AC /* PBXContainerItemProxy */ = {
			isa = PBXContainerItemProxy;
			containerPortal = 76DD7499970D3049A38EE80E /* Project object */;
			proxyType = 1;
			remoteGlobalIDString = 3936B81412A01ACAFF716433;
			remoteInfo = testUIProject;
		};
/* End PBXContainerItemProxy section */

/* Begin PBXFileReference section */
		0DC6956EC75064C1941B3589 /* testUIProjectUITests.xctest */ = {isa = PBXFileReference; includeInIndex = 0; lastKnownFileType = wrapper.cfbundle; path = testUIProjectUITests.xctest; sourceTree = BUILT_PRODUCTS_DIR; };
		143675FB19492F024F4E9940 /* ViewController.h */ = {isa = PBXFileReference; lastKnownFileType = sourcecode.c.h; path = ViewController.h; sourceTree = "<group>"; };
		2132EA1AD61096C94ABB5A47 /* testUIProjectTests.xctest */ = {isa = PBXFileReference; includeInIndex = 0; lastKnownFileType = wrapper.cfbundle; path = testUIProjectTests.xctest; sourceTree = BUILT_PRODUCTS_DIR; };
		2B5464731EF16C63BAF1DC85 /* AppDelegate.m */ = {isa = PBXFileReference; lastKnownFileType = sourcecode.c.objc; path = AppDelegate.m; sourceTree = "<group>"; };
		4A48C9BA949ECC98FD542A0A /* main.m */ = {isa = PBXFileReference; lastKnownFileType = sourcecode.c.objc; path = main.m; sourceTree = "<group>"; };
		6CB12E29925E4CFC2E082851 /* Info.plist */ = {isa = PBXFileReference; lastKnownFileType = text.plist; path = Info.plist; sourceTree = "<group>"; };
		768F7AFB6F8863F411335E65 /* SmokeUITests.m */ = {isa = PBXFileReference; lastKnownFileType = sourcecode.c.objc; path = SmokeUITests.m; sourceTree = "<group>"; };
		A50000000000000000000001 /* OnboardingFlowUITests.m */ = {isa = PBXFileReference; lastKnownFileType = sourcecode.c.objc; path = OnboardingFlowUITests.m; sourceTree = "<group>"; };
		9696594917B51E67C3DE5503 /* testUIProject.app */ = {isa = PBXFileReference; explicitFileType = wrapper.application; includeInIndex = 0; path = testUIProject.app; sourceTree = BUILT_PRODUCTS_DIR; };
		A20000000000000000000030 /* SceneDelegate.h */ = {isa = PBXFileReference; lastKnownFileType = sourcecode.c.h; path = SceneDelegate.h; sourceTree = "<group>"; };
		A20000000000000000000031 /* SceneDelegate.m */ = {isa = PBXFileReference; lastKnownFileType = sourcecode.c.objc; path = SceneDelegate.m; sourceTree = "<group>"; };
		A20000000000000000000032 /* ViewController.m */ = {isa = PBXFileReference; lastKnownFileType = sourcecode.c.objc; path = ViewController.m; sourceTree = "<group>"; };
		A200000000000000000000A1 /* PaywallStyle.h */ = {isa = PBXFileReference; lastKnownFileType = sourcecode.c.h; path = PaywallStyle.h; sourceTree = "<group>"; };
		A200000000000000000000A2 /* PaywallStyle.m */ = {isa = PBXFileReference; lastKnownFileType = sourcecode.c.objc; path = PaywallStyle.m; sourceTree = "<group>"; };
		A200000000000000000000A3 /* SubscriptionPaywallViewController.h */ = {isa = PBXFileReference; lastKnownFileType = sourcecode.c.h; path = SubscriptionPaywallViewController.h; sourceTree = "<group>"; };
		A200000000000000000000A4 /* SubscriptionPaywallViewController.m */ = {isa = PBXFileReference; lastKnownFileType = sourcecode.c.objc; path = SubscriptionPaywallViewController.m; sourceTree = "<group>"; };
		A200000000000000000000B1 /* SplashStyle.h */ = {isa = PBXFileReference; lastKnownFileType = sourcecode.c.h; path = SplashStyle.h; sourceTree = "<group>"; };
		A200000000000000000000B2 /* SplashStyle.m */ = {isa = PBXFileReference; lastKnownFileType = sourcecode.c.objc; path = SplashStyle.m; sourceTree = "<group>"; };
		A200000000000000000000B3 /* SplashViewController.h */ = {isa = PBXFileReference; lastKnownFileType = sourcecode.c.h; path = SplashViewController.h; sourceTree = "<group>"; };
		A200000000000000000000B4 /* SplashViewController.m */ = {isa = PBXFileReference; lastKnownFileType = sourcecode.c.objc; path = SplashViewController.m; sourceTree = "<group>"; };
		A200000000000000000000B5 /* WelcomeStyle.h */ = {isa = PBXFileReference; lastKnownFileType = sourcecode.c.h; path = WelcomeStyle.h; sourceTree = "<group>"; };
		A200000000000000000000B6 /* WelcomeStyle.m */ = {isa = PBXFileReference; lastKnownFileType = sourcecode.c.objc; path = WelcomeStyle.m; sourceTree = "<group>"; };
		A200000000000000000000B7 /* WelcomeViewController.h */ = {isa = PBXFileReference; lastKnownFileType = sourcecode.c.h; path = WelcomeViewController.h; sourceTree = "<group>"; };
		A200000000000000000000B8 /* WelcomeViewController.m */ = {isa = PBXFileReference; lastKnownFileType = sourcecode.c.objc; path = WelcomeViewController.m; sourceTree = "<group>"; };
		A300000000000000000000D01 /* OnboardingStyle.h */ = {isa = PBXFileReference; lastKnownFileType = sourcecode.c.h; path = OnboardingStyle.h; sourceTree = "<group>"; };
		A300000000000000000000C01 /* OnboardingStyle.m */ = {isa = PBXFileReference; lastKnownFileType = sourcecode.c.objc; path = OnboardingStyle.m; sourceTree = "<group>"; };
		A300000000000000000000D02 /* OnboardingBaseViewController.h */ = {isa = PBXFileReference; lastKnownFileType = sourcecode.c.h; path = OnboardingBaseViewController.h; sourceTree = "<group>"; };
		A300000000000000000000C02 /* OnboardingBaseViewController.m */ = {isa = PBXFileReference; lastKnownFileType = sourcecode.c.objc; path = OnboardingBaseViewController.m; sourceTree = "<group>"; };
		A300000000000000000000D03 /* PurposeOnboardingViewController.h */ = {isa = PBXFileReference; lastKnownFileType = sourcecode.c.h; path = PurposeOnboardingViewController.h; sourceTree = "<group>"; };
		A300000000000000000000C03 /* PurposeOnboardingViewController.m */ = {isa = PBXFileReference; lastKnownFileType = sourcecode.c.objc; path = PurposeOnboardingViewController.m; sourceTree = "<group>"; };
		A300000000000000000000D04 /* GenderOnboardingViewController.h */ = {isa = PBXFileReference; lastKnownFileType = sourcecode.c.h; path = GenderOnboardingViewController.h; sourceTree = "<group>"; };
		A300000000000000000000C04 /* GenderOnboardingViewController.m */ = {isa = PBXFileReference; lastKnownFileType = sourcecode.c.objc; path = GenderOnboardingViewController.m; sourceTree = "<group>"; };
		A300000000000000000000D05 /* AgeOnboardingViewController.h */ = {isa = PBXFileReference; lastKnownFileType = sourcecode.c.h; path = AgeOnboardingViewController.h; sourceTree = "<group>"; };
		A300000000000000000000C05 /* AgeOnboardingViewController.m */ = {isa = PBXFileReference; lastKnownFileType = sourcecode.c.objc; path = AgeOnboardingViewController.m; sourceTree = "<group>"; };
		A300000000000000000000D06 /* StyleOnboardingViewController.h */ = {isa = PBXFileReference; lastKnownFileType = sourcecode.c.h; path = StyleOnboardingViewController.h; sourceTree = "<group>"; };
		A300000000000000000000C06 /* StyleOnboardingViewController.m */ = {isa = PBXFileReference; lastKnownFileType = sourcecode.c.objc; path = StyleOnboardingViewController.m; sourceTree = "<group>"; };
		A300000000000000000000D07 /* BrushOnboardingViewController.h */ = {isa = PBXFileReference; lastKnownFileType = sourcecode.c.h; path = BrushOnboardingViewController.h; sourceTree = "<group>"; };
		A300000000000000000000C07 /* BrushOnboardingViewController.m */ = {isa = PBXFileReference; lastKnownFileType = sourcecode.c.objc; path = BrushOnboardingViewController.m; sourceTree = "<group>"; };
		A300000000000000000000D08 /* ColorOnboardingViewController.h */ = {isa = PBXFileReference; lastKnownFileType = sourcecode.c.h; path = ColorOnboardingViewController.h; sourceTree = "<group>"; };
		A300000000000000000000C08 /* ColorOnboardingViewController.m */ = {isa = PBXFileReference; lastKnownFileType = sourcecode.c.objc; path = ColorOnboardingViewController.m; sourceTree = "<group>"; };
		A300000000000000000000D09 /* OnboardingDoneViewController.h */ = {isa = PBXFileReference; lastKnownFileType = sourcecode.c.h; path = OnboardingDoneViewController.h; sourceTree = "<group>"; };
		A300000000000000000000C09 /* OnboardingDoneViewController.m */ = {isa = PBXFileReference; lastKnownFileType = sourcecode.c.objc; path = OnboardingDoneViewController.m; sourceTree = "<group>"; };
		A20000000000000000000090 /* Assets.xcassets */ = {isa = PBXFileReference; lastKnownFileType = folder.assetcatalog; path = Assets.xcassets; sourceTree = "<group>"; };
		B066E31C9E5A3197CEF1AF1B /* SmokeTests.m */ = {isa = PBXFileReference; lastKnownFileType = sourcecode.c.objc; path = SmokeTests.m; sourceTree = "<group>"; };
		DC585F124DF414C930C66055 /* AppDelegate.h */ = {isa = PBXFileReference; lastKnownFileType = sourcecode.c.h; path = AppDelegate.h; sourceTree = "<group>"; };
/* End PBXFileReference section */

/* Begin PBXGroup section */
		1A39EE01984ED09FDA0108E9 /* testUIProject */ = {
			isa = PBXGroup;
			children = (
				DC585F124DF414C930C66055 /* AppDelegate.h */,
				2B5464731EF16C63BAF1DC85 /* AppDelegate.m */,
				A20000000000000000000030 /* SceneDelegate.h */,
				A20000000000000000000031 /* SceneDelegate.m */,
				6CB12E29925E4CFC2E082851 /* Info.plist */,
				4A48C9BA949ECC98FD542A0A /* main.m */,
				143675FB19492F024F4E9940 /* ViewController.h */,
				A20000000000000000000032 /* ViewController.m */,
				A200000000000000000000A1 /* PaywallStyle.h */,
				A200000000000000000000A2 /* PaywallStyle.m */,
				A200000000000000000000A3 /* SubscriptionPaywallViewController.h */,
				A200000000000000000000A4 /* SubscriptionPaywallViewController.m */,
				A200000000000000000000B1 /* SplashStyle.h */,
				A200000000000000000000B2 /* SplashStyle.m */,
				A200000000000000000000B3 /* SplashViewController.h */,
				A200000000000000000000B4 /* SplashViewController.m */,
				A200000000000000000000B5 /* WelcomeStyle.h */,
				A200000000000000000000B6 /* WelcomeStyle.m */,
				A200000000000000000000B7 /* WelcomeViewController.h */,
				A200000000000000000000B8 /* WelcomeViewController.m */,
				A300000000000000000000D01 /* OnboardingStyle.h */,
				A300000000000000000000C01 /* OnboardingStyle.m */,
				A300000000000000000000D02 /* OnboardingBaseViewController.h */,
				A300000000000000000000C02 /* OnboardingBaseViewController.m */,
				A300000000000000000000D03 /* PurposeOnboardingViewController.h */,
				A300000000000000000000C03 /* PurposeOnboardingViewController.m */,
				A300000000000000000000D04 /* GenderOnboardingViewController.h */,
				A300000000000000000000C04 /* GenderOnboardingViewController.m */,
				A300000000000000000000D05 /* AgeOnboardingViewController.h */,
				A300000000000000000000C05 /* AgeOnboardingViewController.m */,
				A300000000000000000000D06 /* StyleOnboardingViewController.h */,
				A300000000000000000000C06 /* StyleOnboardingViewController.m */,
				A300000000000000000000D07 /* BrushOnboardingViewController.h */,
				A300000000000000000000C07 /* BrushOnboardingViewController.m */,
				A300000000000000000000D08 /* ColorOnboardingViewController.h */,
				A300000000000000000000C08 /* ColorOnboardingViewController.m */,
				A300000000000000000000D09 /* OnboardingDoneViewController.h */,
				A300000000000000000000C09 /* OnboardingDoneViewController.m */,
				A20000000000000000000090 /* Assets.xcassets */,
			);
			path = testUIProject;
			sourceTree = "<group>";
		};
		91E33B324B9E9210DB3B7B16 /* testUIProjectTests */ = {
			isa = PBXGroup;
			children = (
				B066E31C9E5A3197CEF1AF1B /* SmokeTests.m */,
			);
			path = testUIProjectTests;
			sourceTree = "<group>";
		};
		9B9D2BBFE6685EC4979770D8 /* testUIProjectUITests */ = {
			isa = PBXGroup;
			children = (
				768F7AFB6F8863F411335E65 /* SmokeUITests.m */,
				A50000000000000000000001 /* OnboardingFlowUITests.m */,
			);
			path = testUIProjectUITests;
			sourceTree = "<group>";
		};
		B55EC4A8766574D5DADC41B6 = {
			isa = PBXGroup;
			children = (
				1A39EE01984ED09FDA0108E9 /* testUIProject */,
				91E33B324B9E9210DB3B7B16 /* testUIProjectTests */,
				9B9D2BBFE6685EC4979770D8 /* testUIProjectUITests */,
				E183B56DDEDAF0DD6378905D /* Products */,
			);
			sourceTree = "<group>";
		};
		E183B56DDEDAF0DD6378905D /* Products */ = {
			isa = PBXGroup;
			children = (
				9696594917B51E67C3DE5503 /* testUIProject.app */,
				2132EA1AD61096C94ABB5A47 /* testUIProjectTests.xctest */,
				0DC6956EC75064C1941B3589 /* testUIProjectUITests.xctest */,
			);
			name = Products;
			sourceTree = "<group>";
		};
/* End PBXGroup section */

/* Begin PBXNativeTarget section */
		2370F27EB442EDED3739B004 /* testUIProjectTests */ = {
			isa = PBXNativeTarget;
			buildConfigurationList = F3413D2D5036714828164966 /* Build configuration list for PBXNativeTarget "testUIProjectTests" */;
			buildPhases = (
				017BF8C439BD6601DC9DCCEB /* Sources */,
			);
			buildRules = (
			);
			dependencies = (
				D4EFC6690262B8EF6C162A9F /* PBXTargetDependency */,
			);
			name = testUIProjectTests;
			packageProductDependencies = (
			);
			productName = testUIProjectTests;
			productReference = 2132EA1AD61096C94ABB5A47 /* testUIProjectTests.xctest */;
			productType = "com.apple.product-type.bundle.unit-test";
		};
		3936B81412A01ACAFF716433 /* testUIProject */ = {
			isa = PBXNativeTarget;
			buildConfigurationList = F067226509BB49A9FAB61513 /* Build configuration list for PBXNativeTarget "testUIProject" */;
			buildPhases = (
				ED8FE07ABCE7DE7A24781A19 /* Sources */,
				AD5FC5BE3210DF2CEFA57D0C /* Resources */,
			);
			buildRules = (
			);
			dependencies = (
			);
			name = testUIProject;
			packageProductDependencies = (
				91AB5B97304E509A00086C60 /* LookinServer */,
				91AB5B98304E51DF00086C60 /* LookinServer */,
			);
			productName = testUIProject;
			productReference = 9696594917B51E67C3DE5503 /* testUIProject.app */;
			productType = "com.apple.product-type.application";
		};
		AD6560371996AA68DAABD306 /* testUIProjectUITests */ = {
			isa = PBXNativeTarget;
			buildConfigurationList = 56E65F6BB9FFA623332C2887 /* Build configuration list for PBXNativeTarget "testUIProjectUITests" */;
			buildPhases = (
				1197229391B3FD09E5A3733B /* Sources */,
			);
			buildRules = (
			);
			dependencies = (
				75D7C0CC7FF76DD759D020E3 /* PBXTargetDependency */,
			);
			name = testUIProjectUITests;
			packageProductDependencies = (
			);
			productName = testUIProjectUITests;
			productReference = 0DC6956EC75064C1941B3589 /* testUIProjectUITests.xctest */;
			productType = "com.apple.product-type.bundle.ui-testing";
		};
/* End PBXNativeTarget section */

/* Begin PBXProject section */
		76DD7499970D3049A38EE80E /* Project object */ = {
			isa = PBXProject;
			attributes = {
				BuildIndependentTargetsInParallel = YES;
				LastUpgradeCheck = 1430;
				TargetAttributes = {
					2370F27EB442EDED3739B004 = {
						DevelopmentTeam = "";
						ProvisioningStyle = Automatic;
					};
					3936B81412A01ACAFF716433 = {
						ProvisioningStyle = Automatic;
					};
					AD6560371996AA68DAABD306 = {
						DevelopmentTeam = "";
						ProvisioningStyle = Automatic;
						TestTargetID = 3936B81412A01ACAFF716433;
					};
				};
			};
			buildConfigurationList = 3EC6525C64D148D94519E6C3 /* Build configuration list for PBXProject "testUIProject" */;
			developmentRegion = en;
			hasScannedForEncodings = 0;
			knownRegions = (
				Base,
				en,
			);
			mainGroup = B55EC4A8766574D5DADC41B6;
			minimizedProjectReferenceProxies = 1;
			packageReferences = (
				91AB5B96304E509A00086C60 /* XCLocalSwiftPackageReference "../../../../Desktop/core/tools/LookinServer" */,
			);
			preferredProjectObjectVersion = 77;
			productRefGroup = E183B56DDEDAF0DD6378905D /* Products */;
			projectDirPath = "";
			projectRoot = "";
			targets = (
				3936B81412A01ACAFF716433 /* testUIProject */,
				2370F27EB442EDED3739B004 /* testUIProjectTests */,
				AD6560371996AA68DAABD306 /* testUIProjectUITests */,
			);
		};
/* End PBXProject section */

/* Begin PBXResourcesBuildPhase section */
		AD5FC5BE3210DF2CEFA57D0C /* Resources */ = {
			isa = PBXResourcesBuildPhase;
			buildActionMask = 2147483647;
			files = (
				A10000000000000000000090 /* Assets.xcassets in Resources */,
			);
			runOnlyForDeploymentPostprocessing = 0;
		};
/* End PBXResourcesBuildPhase section */

/* Begin PBXSourcesBuildPhase section */
		017BF8C439BD6601DC9DCCEB /* Sources */ = {
			isa = PBXSourcesBuildPhase;
			buildActionMask = 2147483647;
			files = (
				FC21854AC37D9C130611B0FB /* SmokeTests.m in Sources */,
			);
			runOnlyForDeploymentPostprocessing = 0;
		};
		1197229391B3FD09E5A3733B /* Sources */ = {
			isa = PBXSourcesBuildPhase;
			buildActionMask = 2147483647;
			files = (
				C62D0CD48281241F4153AD57 /* SmokeUITests.m in Sources */,
				A50000000000000000000002 /* OnboardingFlowUITests.m in Sources */,
			);
			runOnlyForDeploymentPostprocessing = 0;
		};
		ED8FE07ABCE7DE7A24781A19 /* Sources */ = {
			isa = PBXSourcesBuildPhase;
			buildActionMask = 2147483647;
			files = (
				8A83BE7E2FEE950F49C49A3A /* AppDelegate.m in Sources */,
				A10000000000000000000031 /* SceneDelegate.m in Sources */,
				5C3506ED7FC0B267121AE287 /* main.m in Sources */,
				A10000000000000000000032 /* ViewController.m in Sources */,
				A100000000000000000000A2 /* PaywallStyle.m in Sources */,
				A100000000000000000000A4 /* SubscriptionPaywallViewController.m in Sources */,
				A100000000000000000000B2 /* SplashStyle.m in Sources */,
				A100000000000000000000B4 /* SplashViewController.m in Sources */,
				A100000000000000000000B6 /* WelcomeStyle.m in Sources */,
				A100000000000000000000B8 /* WelcomeViewController.m in Sources */,
				A300000000000000000000E01 /* OnboardingStyle.m in Sources */,
				A300000000000000000000E02 /* OnboardingBaseViewController.m in Sources */,
				A300000000000000000000E03 /* PurposeOnboardingViewController.m in Sources */,
				A300000000000000000000E04 /* GenderOnboardingViewController.m in Sources */,
				A300000000000000000000E05 /* AgeOnboardingViewController.m in Sources */,
				A300000000000000000000E06 /* StyleOnboardingViewController.m in Sources */,
				A300000000000000000000E07 /* BrushOnboardingViewController.m in Sources */,
				A300000000000000000000E08 /* ColorOnboardingViewController.m in Sources */,
				A300000000000000000000E09 /* OnboardingDoneViewController.m in Sources */,
			);
			runOnlyForDeploymentPostprocessing = 0;
		};
/* End PBXSourcesBuildPhase section */

/* Begin PBXTargetDependency section */
		75D7C0CC7FF76DD759D020E3 /* PBXTargetDependency */ = {
			isa = PBXTargetDependency;
			target = 3936B81412A01ACAFF716433 /* testUIProject */;
			targetProxy = D42B9D661371BF77D1F809AC /* PBXContainerItemProxy */;
		};
		D4EFC6690262B8EF6C162A9F /* PBXTargetDependency */ = {
			isa = PBXTargetDependency;
			target = 3936B81412A01ACAFF716433 /* testUIProject */;
			targetProxy = 682FA9CCBC6A4391087B09B0 /* PBXContainerItemProxy */;
		};
/* End PBXTargetDependency section */

/* Begin XCBuildConfiguration section */
		172BD20FCB7891767FF39344 /* Debug */ = {
			isa = XCBuildConfiguration;
			buildSettings = {
				BUNDLE_LOADER = "$(TEST_HOST)";
				GENERATE_INFOPLIST_FILE = YES;
				LD_RUNPATH_SEARCH_PATHS = (
					"$(inherited)",
					"@executable_path/Frameworks",
					"@loader_path/Frameworks",
				);
				SDKROOT = iphoneos;
				TARGETED_DEVICE_FAMILY = "1,2";
				TEST_TARGET_NAME = testUIProject;
			};
			name = Debug;
		};
		35A026D51CDA2E3DAAAF31B2 /* Debug */ = {
			isa = XCBuildConfiguration;
			buildSettings = {
				ALWAYS_SEARCH_USER_PATHS = NO;
				CLANG_ANALYZER_NONNULL = YES;
				CLANG_ANALYZER_NUMBER_OBJECT_CONVERSION = YES_AGGRESSIVE;
				CLANG_CXX_LANGUAGE_STANDARD = "gnu++14";
				CLANG_CXX_LIBRARY = "libc++";
				CLANG_ENABLE_MODULES = YES;
				CLANG_ENABLE_OBJC_ARC = YES;
				CLANG_ENABLE_OBJC_WEAK = YES;
				CLANG_WARN_BLOCK_CAPTURE_AUTORELEASING = YES;
				CLANG_WARN_BOOL_CONVERSION = YES;
				CLANG_WARN_COMMA = YES;
				CLANG_WARN_CONSTANT_CONVERSION = YES;
				CLANG_WARN_DEPRECATED_OBJC_IMPLEMENTATIONS = YES;
				CLANG_WARN_DIRECT_OBJC_ISA_USAGE = YES_ERROR;
				CLANG_WARN_DOCUMENTATION_COMMENTS = YES;
				CLANG_WARN_EMPTY_BODY = YES;
				CLANG_WARN_ENUM_CONVERSION = YES;
				CLANG_WARN_INFINITE_RECURSION = YES;
				CLANG_WARN_INT_CONVERSION = YES;
				CLANG_WARN_NON_LITERAL_NULL_CONVERSION = YES;
				CLANG_WARN_OBJC_IMPLICIT_RETAIN_SELF = YES;
				CLANG_WARN_OBJC_LITERAL_CONVERSION = YES;
				CLANG_WARN_OBJC_ROOT_CLASS = YES_ERROR;
				CLANG_WARN_QUOTED_INCLUDE_IN_FRAMEWORK_HEADER = YES;
				CLANG_WARN_RANGE_LOOP_ANALYSIS = YES;
				CLANG_WARN_STRICT_PROTOTYPES = YES;
				CLANG_WARN_SUSPICIOUS_MOVE = YES;
				CLANG_WARN_UNGUARDED_AVAILABILITY = YES_AGGRESSIVE;
				CLANG_WARN_UNREACHABLE_CODE = YES;
				CLANG_WARN__DUPLICATE_METHOD_MATCH = YES;
				CODE_SIGN_STYLE = Automatic;
				COPY_PHASE_STRIP = NO;
				DEBUG_INFORMATION_FORMAT = dwarf;
				DEVELOPMENT_TEAM = "";
				ENABLE_STRICT_OBJC_MSGSEND = YES;
				ENABLE_TESTABILITY = YES;
				GCC_C_LANGUAGE_STANDARD = gnu11;
				GCC_DYNAMIC_NO_PIC = NO;
				GCC_NO_COMMON_BLOCKS = YES;
				GCC_OPTIMIZATION_LEVEL = 0;
				GCC_PREPROCESSOR_DEFINITIONS = (
					"$(inherited)",
					"DEBUG=1",
				);
				GCC_WARN_64_TO_32_BIT_CONVERSION = YES;
				GCC_WARN_ABOUT_RETURN_TYPE = YES_ERROR;
				GCC_WARN_UNDECLARED_SELECTOR = YES;
				GCC_WARN_UNINITIALIZED_AUTOS = YES_AGGRESSIVE;
				GCC_WARN_UNUSED_FUNCTION = YES;
				GCC_WARN_UNUSED_VARIABLE = YES;
				IPHONEOS_DEPLOYMENT_TARGET = 15.0;
				MTL_ENABLE_DEBUG_INFO = INCLUDE_SOURCE;
				MTL_FAST_MATH = YES;
				ONLY_ACTIVE_ARCH = YES;
				PRODUCT_BUNDLE_IDENTIFIER = com.iherefor.testUIProject;
				PRODUCT_NAME = "$(TARGET_NAME)";
				SDKROOT = iphoneos;
				SWIFT_ACTIVE_COMPILATION_CONDITIONS = DEBUG;
				SWIFT_OPTIMIZATION_LEVEL = "-Onone";
				SWIFT_VERSION = 5.0;
			};
			name = Debug;
		};
		416E0C6571544D2FF085AE24 /* Debug */ = {
			isa = XCBuildConfiguration;
			buildSettings = {
				ASSETCATALOG_COMPILER_APPICON_NAME = AppIcon;
				CODE_SIGN_IDENTITY = "iPhone Developer";
				DEVELOPMENT_TEAM = 6L987XTZXB;
				INFOPLIST_FILE = testUIProject/Info.plist;
				LD_RUNPATH_SEARCH_PATHS = (
					"$(inherited)",
					"@executable_path/Frameworks",
				);
				PRODUCT_BUNDLE_IDENTIFIER = com.colouring.color.beauty.testnk;
				SDKROOT = iphoneos;
				TARGETED_DEVICE_FAMILY = "1,2";
			};
			name = Debug;
		};
		64DCB1267A0B15D4895C1AFC /* Release */ = {
			isa = XCBuildConfiguration;
			buildSettings = {
				BUNDLE_LOADER = "$(TEST_HOST)";
				GENERATE_INFOPLIST_FILE = YES;
				LD_RUNPATH_SEARCH_PATHS = (
					"$(inherited)",
					"@executable_path/Frameworks",
					"@loader_path/Frameworks",
				);
				SDKROOT = iphoneos;
				TARGETED_DEVICE_FAMILY = "1,2";
				TEST_HOST = "$(BUILT_PRODUCTS_DIR)/testUIProject.app/testUIProject";
			};
			name = Release;
		};
		7AC5AA35A0F9C4CB8A12F9D2 /* Release */ = {
			isa = XCBuildConfiguration;
			buildSettings = {
				ALWAYS_SEARCH_USER_PATHS = NO;
				CLANG_ANALYZER_NONNULL = YES;
				CLANG_ANALYZER_NUMBER_OBJECT_CONVERSION = YES_AGGRESSIVE;
				CLANG_CXX_LANGUAGE_STANDARD = "gnu++14";
				CLANG_CXX_LIBRARY = "libc++";
				CLANG_ENABLE_MODULES = YES;
				CLANG_ENABLE_OBJC_ARC = YES;
				CLANG_ENABLE_OBJC_WEAK = YES;
				CLANG_WARN_BLOCK_CAPTURE_AUTORELEASING = YES;
				CLANG_WARN_BOOL_CONVERSION = YES;
				CLANG_WARN_COMMA = YES;
				CLANG_WARN_CONSTANT_CONVERSION = YES;
				CLANG_WARN_DEPRECATED_OBJC_IMPLEMENTATIONS = YES;
				CLANG_WARN_DIRECT_OBJC_ISA_USAGE = YES_ERROR;
				CLANG_WARN_DOCUMENTATION_COMMENTS = YES;
				CLANG_WARN_EMPTY_BODY = YES;
				CLANG_WARN_ENUM_CONVERSION = YES;
				CLANG_WARN_INFINITE_RECURSION = YES;
				CLANG_WARN_INT_CONVERSION = YES;
				CLANG_WARN_NON_LITERAL_NULL_CONVERSION = YES;
				CLANG_WARN_OBJC_IMPLICIT_RETAIN_SELF = YES;
				CLANG_WARN_OBJC_LITERAL_CONVERSION = YES;
				CLANG_WARN_OBJC_ROOT_CLASS = YES_ERROR;
				CLANG_WARN_QUOTED_INCLUDE_IN_FRAMEWORK_HEADER = YES;
				CLANG_WARN_RANGE_LOOP_ANALYSIS = YES;
				CLANG_WARN_STRICT_PROTOTYPES = YES;
				CLANG_WARN_SUSPICIOUS_MOVE = YES;
				CLANG_WARN_UNGUARDED_AVAILABILITY = YES_AGGRESSIVE;
				CLANG_WARN_UNREACHABLE_CODE = YES;
				CLANG_WARN__DUPLICATE_METHOD_MATCH = YES;
				CODE_SIGN_STYLE = Automatic;
				COPY_PHASE_STRIP = NO;
				DEBUG_INFORMATION_FORMAT = "dwarf-with-dsym";
				DEVELOPMENT_TEAM = "";
				ENABLE_NS_ASSERTIONS = NO;
				ENABLE_STRICT_OBJC_MSGSEND = YES;
				GCC_C_LANGUAGE_STANDARD = gnu11;
				GCC_NO_COMMON_BLOCKS = YES;
				GCC_WARN_64_TO_32_BIT_CONVERSION = YES;
				GCC_WARN_ABOUT_RETURN_TYPE = YES_ERROR;
				GCC_WARN_UNDECLARED_SELECTOR = YES;
				GCC_WARN_UNINITIALIZED_AUTOS = YES_AGGRESSIVE;
				GCC_WARN_UNUSED_FUNCTION = YES;
				GCC_WARN_UNUSED_VARIABLE = YES;
				IPHONEOS_DEPLOYMENT_TARGET = 15.0;
				MTL_ENABLE_DEBUG_INFO = NO;
				MTL_FAST_MATH = YES;
				PRODUCT_BUNDLE_IDENTIFIER = com.iherefor.testUIProject;
				PRODUCT_NAME = "$(TARGET_NAME)";
				SDKROOT = iphoneos;
				SWIFT_COMPILATION_MODE = wholemodule;
				SWIFT_OPTIMIZATION_LEVEL = "-O";
				SWIFT_VERSION = 5.0;
			};
			name = Release;
		};
		8451E2011352AED890BA8313 /* Release */ = {
			isa = XCBuildConfiguration;
			buildSettings = {
				ASSETCATALOG_COMPILER_APPICON_NAME = AppIcon;
				CODE_SIGN_IDENTITY = "iPhone Developer";
				INFOPLIST_FILE = testUIProject/Info.plist;
				LD_RUNPATH_SEARCH_PATHS = (
					"$(inherited)",
					"@executable_path/Frameworks",
				);
				SDKROOT = iphoneos;
				TARGETED_DEVICE_FAMILY = "1,2";
			};
			name = Release;
		};
		8476997BBAEEE8F14F0C84EF /* Debug */ = {
			isa = XCBuildConfiguration;
			buildSettings = {
				BUNDLE_LOADER = "$(TEST_HOST)";
				GENERATE_INFOPLIST_FILE = YES;
				LD_RUNPATH_SEARCH_PATHS = (
					"$(inherited)",
					"@executable_path/Frameworks",
					"@loader_path/Frameworks",
				);
				SDKROOT = iphoneos;
				TARGETED_DEVICE_FAMILY = "1,2";
				TEST_HOST = "$(BUILT_PRODUCTS_DIR)/testUIProject.app/testUIProject";
			};
			name = Debug;
		};
		E6E0449CE6D5EC76AFC28726 /* Release */ = {
			isa = XCBuildConfiguration;
			buildSettings = {
				BUNDLE_LOADER = "$(TEST_HOST)";
				GENERATE_INFOPLIST_FILE = YES;
				LD_RUNPATH_SEARCH_PATHS = (
					"$(inherited)",
					"@executable_path/Frameworks",
					"@loader_path/Frameworks",
				);
				SDKROOT = iphoneos;
				TARGETED_DEVICE_FAMILY = "1,2";
				TEST_TARGET_NAME = testUIProject;
			};
			name = Release;
		};
/* End XCBuildConfiguration section */

/* Begin XCConfigurationList section */
		3EC6525C64D148D94519E6C3 /* Build configuration list for PBXProject "testUIProject" */ = {
			isa = XCConfigurationList;
			buildConfigurations = (
				35A026D51CDA2E3DAAAF31B2 /* Debug */,
				7AC5AA35A0F9C4CB8A12F9D2 /* Release */,
			);
			defaultConfigurationIsVisible = 0;
			defaultConfigurationName = Debug;
		};
		56E65F6BB9FFA623332C2887 /* Build configuration list for PBXNativeTarget "testUIProjectUITests" */ = {
			isa = XCConfigurationList;
			buildConfigurations = (
				172BD20FCB7891767FF39344 /* Debug */,
				E6E0449CE6D5EC76AFC28726 /* Release */,
			);
			defaultConfigurationIsVisible = 0;
			defaultConfigurationName = Debug;
		};
		F067226509BB49A9FAB61513 /* Build configuration list for PBXNativeTarget "testUIProject" */ = {
			isa = XCConfigurationList;
			buildConfigurations = (
				416E0C6571544D2FF085AE24 /* Debug */,
				8451E2011352AED890BA8313 /* Release */,
			);
			defaultConfigurationIsVisible = 0;
			defaultConfigurationName = Debug;
		};
		F3413D2D5036714828164966 /* Build configuration list for PBXNativeTarget "testUIProjectTests" */ = {
			isa = XCConfigurationList;
			buildConfigurations = (
				8476997BBAEEE8F14F0C84EF /* Debug */,
				64DCB1267A0B15D4895C1AFC /* Release */,
			);
			defaultConfigurationIsVisible = 0;
			defaultConfigurationName = Debug;
		};
/* End XCConfigurationList section */

/* Begin XCLocalSwiftPackageReference section */
		91AB5B96304E509A00086C60 /* XCLocalSwiftPackageReference "../../../../Desktop/core/tools/LookinServer" */ = {
			isa = XCLocalSwiftPackageReference;
			relativePath = ../../../../Desktop/core/tools/LookinServer;
		};
/* End XCLocalSwiftPackageReference section */

/* Begin XCSwiftPackageProductDependency section */
		91AB5B97304E509A00086C60 /* LookinServer */ = {
			isa = XCSwiftPackageProductDependency;
			productName = LookinServer;
		};
		91AB5B98304E51DF00086C60 /* LookinServer */ = {
			isa = XCSwiftPackageProductDependency;
			productName = LookinServer;
		};
/* End XCSwiftPackageProductDependency section */
	};
	rootObject = 76DD7499970D3049A38EE80E /* Project object */;
}
